<?xml version="1.0" encoding="utf-8"?>
<Project ToolsVersion="4.0" xmlns="http://schemas.microsoft.com/developer/msbuild/2003">
  <ItemGroup>
    <Filter Include="Eis">
      <UniqueIdentifier>{66E6870B-D2EF-877C-5B6B-9E7CC773937C}</UniqueIdentifier>
    </Filter>
    <Filter Include="Eis\Events">
      <UniqueIdentifier>{8AA39900-765B-DB4D-DF62-B4A9CB39763E}</UniqueIdentifier>
    </Filter>
    <Filter Include="Platform">
      <UniqueIdentifier>{2AC788B4-1694-E3BF-3FAD-D1672BD9184E}</UniqueIdentifier>
    </Filter>
    <Filter Include="Platform\Windows">
      <UniqueIdentifier>{64FBD71A-50F4-F66C-7926-DCF1657ED678}</UniqueIdentifier>
    </Filter>
  </ItemGroup>
  <ItemGroup>
    <ClInclude Include="src\Eis.h" />
    <ClInclude Include="src\Eis\Application.h">
      <Filter>Eis</Filter>
    </ClInclude>
    <ClInclude Include="src\Eis\Core.h">
      <Filter>Eis</Filter>
    </ClInclude>
    <ClInclude Include="src\Eis\EntryPoint.h">
      <Filter>Eis</Filter>
    </ClInclude>
    <ClInclude Include="src\Eis\Events\ApplicationEvent.h">
      <Filter>Eis\Events</Filter>
    </ClInclude>
    <ClInclude Include="src\Eis\Events\Event.h">
      <Filter>Eis\Events</Filter>
    </ClInclude>
    <ClInclude Include="src\Eis\Events\KeyEvent.h">
      <Filter>Eis\Events</Filter>
    </ClInclude>
    <ClInclude Include="src\Eis\Events\MouseEvent.h">
      <Filter>Eis\Events</Filter>
    </ClInclude>
    <ClInclude Include="src\Eis\Layer.h">
      <Filter>Eis</Filter>
    </ClInclude>
    <ClInclude Include="src\Eis\LayerStack.h">
      <Filter>Eis</Filter>
    </ClInclude>
    <ClInclude Include="src\Eis\Log.h">
      <Filter>Eis</Filter>
    </ClInclude>
    <ClInclude Include="src\Eis\Window.h">
      <Filter>Eis</Filter>
    </ClInclude>
    <ClInclude Include="src\Eispch.h" />
    <ClInclude Include="src\Platform\Windows\WindowsWindow.h">
      <Filter>Platform\Windows</Filter>
    </ClInclude>
  </ItemGroup>
  <ItemGroup>
    <ClCompile Include="src\Eis\Application.cpp">
      <Filter>Eis</Filter>
    </ClCompile>
    <ClCompile Include="src\Eis\Layer.cpp">
      <Filter>Eis</Filter>
    </ClCompile>
    <ClCompile Include="src\Eis\LayerStack.cpp">
      <Filter>Eis</Filter>
    </ClCompile>
    <ClCompile Include="src\Eis\Log.cpp">
      <Filter>Eis</Filter>
    </ClCompile>
    <ClCompile Include="src\Eispch.cpp" />
    <ClCompile Include="src\Platform\Windows\WindowsWindow.cpp">
      <Filter>Platform\Windows</Filter>
    </ClCompile>
  </ItemGroup>
</Project>